
Microsoft Visual Studio Solution File, Format Version 12.00
# Visual Studio Version 17
VisualStudioVersion = 17.13.35931.197 d17.13
MinimumVisualStudioVersion = 10.0.40219.1
Project("{FAE04EC0-301F-11D3-BF4B-00C04F79EFBC}") = "LocalEyes", "LocalEyes\LocalEyes.csproj", "{68BD1C5C-81EE-4B83-A9CA-CF42C8565C38}"
EndProject
Project("{FAE04EC0-301F-11D3-BF4B-00C04F79EFBC}") = "LocalEyesAPI", "..\LocalEyesAPI\LocalEyesAPI.csproj", "{399694D4-CF14-4D8E-BB17-86B34EAFED33}"
EndProject
Global
	GlobalSection(SolutionConfigurationPlatforms) = preSolution
		Debug|Any CPU = Debug|Any CPU
		Release|Any CPU = Release|Any CPU
	EndGlobalSection
	GlobalSection(ProjectConfigurationPlatforms) = postSolution
		{68BD1C5C-81EE-4B83-A9CA-CF42C8565C38}.Debug|Any CPU.ActiveCfg = Debug|Any CPU
		{68BD1C5C-81EE-4B83-A9CA-CF42C8565C38}.Debug|Any CPU.Build.0 = Debug|Any CPU
		{68BD1C5C-81EE-4B83-A9CA-CF42C8565C38}.Release|Any CPU.ActiveCfg = Release|Any CPU
		{68BD1C5C-81EE-4B83-A9CA-CF42C8565C38}.Release|Any CPU.Build.0 = Release|Any CPU
		{399694D4-CF14-4D8E-BB17-86B34EAFED33}.Debug|Any CPU.ActiveCfg = Debug|Any CPU
		{399694D4-CF14-4D8E-BB17-86B34EAFED33}.Debug|Any CPU.Build.0 = Debug|Any CPU
		{399694D4-CF14-4D8E-BB17-86B34EAFED33}.Release|Any CPU.ActiveCfg = Release|Any CPU
		{399694D4-CF14-4D8E-BB17-86B34EAFED33}.Release|Any CPU.Build.0 = Release|Any CPU
	EndGlobalSection
	GlobalSection(SolutionProperties) = preSolution
		HideSolutionNode = FALSE
	EndGlobalSection
	GlobalSection(ExtensibilityGlobals) = postSolution
		SolutionGuid = {7CEE7E75-7C02-417D-B12B-B79DDFA95661}
	EndGlobalSection
EndGlobal
